
Microsoft Visual Studio Solution File, Format Version 12.00
Project("{FAE04EC0-301F-11D3-BF4B-00C04F79EFBC}") = "BetterMortarManning", "BetterMortarManning.csproj", "{CE7C6719-EE3F-4BBE-8E29-47F41D8F8FCB}"
EndProject
Global
	GlobalSection(SolutionConfigurationPlatforms) = preSolution
		Debug|Any CPU = Debug|Any CPU
		Release|Any CPU = Release|Any CPU
	EndGlobalSection
	GlobalSection(ProjectConfigurationPlatforms) = postSolution
		{CE7C6719-EE3F-4BBE-8E29-47F41D8F8FCB}.Debug|Any CPU.ActiveCfg = Debug|Any CPU
		{CE7C6719-EE3F-4BBE-8E29-47F41D8F8FCB}.Debug|Any CPU.Build.0 = Debug|Any CPU
		{CE7C6719-EE3F-4BBE-8E29-47F41D8F8FCB}.Release|Any CPU.ActiveCfg = Release|Any CPU
		{CE7C6719-EE3F-4BBE-8E29-47F41D8F8FCB}.Release|Any CPU.Build.0 = Release|Any CPU
	EndGlobalSection
EndGlobal
